github.com/actuallyachraf/algebra v0.0.0-20200128112746-5fd8e2cfa26c h1:nFBO3dInEnoWomW8JbCOI18f+23dogS6ngqKiJzjeAc=
github.com/actuallyachraf/algebra v0.0.0-20200128112746-5fd8e2cfa26c/go.mod h1:WhruNRGc2SCSC9FRViwyM6t8V6DE26iZyzCM/Se+2zg=
github.com/actuallyachraf/algebra v0.0.0-20200129122048-0e7252fa65ce h1:CITCzl66Y4GqEG6r97XV15RIq/VMqDHHFa8eWGJtcfY=
github.com/actuallyachraf/algebra v0.0.0-20200129122048-0e7252fa65ce/go.mod h1:WhruNRGc2SCSC9FRViwyM6t8V6DE26iZyzCM/Se+2zg=
